
Microsoft Visual Studio Solution File, Format Version 12.00
Project("{FAE04EC0-301F-11D3-BF4B-00C04F79EFBC}") = "ExeLauncher", "ExeLauncher\ExeLauncher.csproj", "{8ABB9BA1-6808-4203-AEFC-8004A6C50F2F}"
EndProject
Global
	GlobalSection(SolutionConfigurationPlatforms) = preSolution
		Debug|Any CPU = Debug|Any CPU
		Release|Any CPU = Release|Any CPU
		Exe|Any CPU = Exe|Any CPU
	EndGlobalSection
	GlobalSection(ProjectConfigurationPlatforms) = postSolution
		{8ABB9BA1-6808-4203-AEFC-8004A6C50F2F}.Debug|Any CPU.ActiveCfg = Debug|Any CPU
		{8ABB9BA1-6808-4203-AEFC-8004A6C50F2F}.Debug|Any CPU.Build.0 = Debug|Any CPU
		{8ABB9BA1-6808-4203-AEFC-8004A6C50F2F}.Release|Any CPU.ActiveCfg = Release|Any CPU
		{8ABB9BA1-6808-4203-AEFC-8004A6C50F2F}.Release|Any CPU.Build.0 = Release|Any CPU
		{8ABB9BA1-6808-4203-AEFC-8004A6C50F2F}.Exe|Any CPU.ActiveCfg = Exe|Any CPU
		{8ABB9BA1-6808-4203-AEFC-8004A6C50F2F}.Exe|Any CPU.Build.0 = Exe|Any CPU
	EndGlobalSection
EndGlobal
